
Microsoft Visual Studio Solution File, Format Version 12.00
# Visual Studio Version 17
VisualStudioVersion = 17.12.35931.192 d17.12
MinimumVisualStudioVersion = 10.0.40219.1
Project("{FAE04EC0-301F-11D3-BF4B-00C04F79EFBC}") = "console-app", "console-app\console-app.csproj", "{D1BFAF2E-7DE5-403D-ABCF-1D33038A0E00}"
EndProject
Project("{2150E333-8FDC-42A3-9474-1A3956D46DE8}") = "Éléments de solution", "Éléments de solution", "{7D646879-D646-452A-95CF-BFEE85B55FA3}"
	ProjectSection(SolutionItems) = preProject
		TextFile1.md = TextFile1.md
		TextFile2.md = TextFile2.md
	EndProjectSection
EndProject
Global
	GlobalSection(SolutionConfigurationPlatforms) = preSolution
		Debug|Any CPU = Debug|Any CPU
		Release|Any CPU = Release|Any CPU
	EndGlobalSection
	GlobalSection(ProjectConfigurationPlatforms) = postSolution
		{D1BFAF2E-7DE5-403D-ABCF-1D33038A0E00}.Debug|Any CPU.ActiveCfg = Debug|Any CPU
		{D1BFAF2E-7DE5-403D-ABCF-1D33038A0E00}.Debug|Any CPU.Build.0 = Debug|Any CPU
		{D1BFAF2E-7DE5-403D-ABCF-1D33038A0E00}.Release|Any CPU.ActiveCfg = Release|Any CPU
		{D1BFAF2E-7DE5-403D-ABCF-1D33038A0E00}.Release|Any CPU.Build.0 = Release|Any CPU
	EndGlobalSection
	GlobalSection(SolutionProperties) = preSolution
		HideSolutionNode = FALSE
	EndGlobalSection
EndGlobal
